// !$*UTF8*$!
{
	archiveVersion = 1;
	classes = {
	};
	objectVersion = 56;
	objects = {

/* Begin PBXBuildFile section */
		B133EA6429D40D6200C44059 /* LocalizationTaskApp.swift in Sources */ = {isa = PBXBuildFile; fileRef = B133EA6329D40D6200C44059 /* LocalizationTaskApp.swift */; };
		B133EA6629D40D6200C44059 /* ContentView.swift in Sources */ = {isa = PBXBuildFile; fileRef = B133EA6529D40D6200C44059 /* ContentView.swift */; };
		B133EA6829D40D6600C44059 /* Assets.xcassets in Resources */ = {isa = PBXBuildFile; fileRef = B133EA6729D40D6600C44059 /* Assets.xcassets */; };
		B133EA6B29D40D6600C44059 /* Preview Assets.xcassets in Resources */ = {isa = PBXBuildFile; fileRef = B133EA6A29D40D6600C44059 /* Preview Assets.xcassets */; };
		B133EA7429D4272200C44059 /* CheckBox.swift in Sources */ = {isa = PBXBuildFile; fileRef = B133EA7329D4272200C44059 /* CheckBox.swift */; };
		B133EA7629D42BDF00C44059 /* BoxView.swift in Sources */ = {isa = PBXBuildFile; fileRef = B133EA7529D42BDF00C44059 /* BoxView.swift */; };
		B133EA7A29D4498F00C44059 /* LanguageFile.swift in Sources */ = {isa = PBXBuildFile; fileRef = B133EA7929D4498F00C44059 /* LanguageFile.swift */; };
		B133EA7D29D44A2E00C44059 /* Localizable.strings in Resources */ = {isa = PBXBuildFile; fileRef = B133EA7F29D44A2E00C44059 /* Localizable.strings */; };
		B14D8EFF29D54BAB0003CB48 /* MenuView.swift in Sources */ = {isa = PBXBuildFile; fileRef = B14D8EFE29D54BAB0003CB48 /* MenuView.swift */; };
		B14D8F0129D54EF00003CB48 /* Segmented Picker.swift in Sources */ = {isa = PBXBuildFile; fileRef = B14D8F0029D54EF00003CB48 /* Segmented Picker.swift */; };
		B14D8F0329D551EB0003CB48 /* LanguageMenu.swift in Sources */ = {isa = PBXBuildFile; fileRef = B14D8F0229D551EB0003CB48 /* LanguageMenu.swift */; };
/* End PBXBuildFile section */

/* Begin PBXFileReference section */
		B133EA6029D40D6200C44059 /* LocalizationTask.app */ = {isa = PBXFileReference; explicitFileType = wrapper.application; includeInIndex = 0; path = LocalizationTask.app; sourceTree = BUILT_PRODUCTS_DIR; };
		B133EA6329D40D6200C44059 /* LocalizationTaskApp.swift */ = {isa = PBXFileReference; lastKnownFileType = sourcecode.swift; path = LocalizationTaskApp.swift; sourceTree = "<group>"; };
		B133EA6529D40D6200C44059 /* ContentView.swift */ = {isa = PBXFileReference; lastKnownFileType = sourcecode.swift; path = ContentView.swift; sourceTree = "<group>"; };
		B133EA6729D40D6600C44059 /* Assets.xcassets */ = {isa = PBXFileReference; lastKnownFileType = folder.assetcatalog; path = Assets.xcassets; sourceTree = "<group>"; };
		B133EA6A29D40D6600C44059 /* Preview Assets.xcassets */ = {isa = PBXFileReference; lastKnownFileType = folder.assetcatalog; path = "Preview Assets.xcassets"; sourceTree = "<group>"; };
		B133EA7329D4272200C44059 /* CheckBox.swift */ = {isa = PBXFileReference; lastKnownFileType = sourcecode.swift; path = CheckBox.swift; sourceTree = "<group>"; };
		B133EA7529D42BDF00C44059 /* BoxView.swift */ = {isa = PBXFileReference; lastKnownFileType = sourcecode.swift; path = BoxView.swift; sourceTree = "<group>"; };
		B133EA7929D4498F00C44059 /* LanguageFile.swift */ = {isa = PBXFileReference; lastKnownFileType = sourcecode.swift; path = LanguageFile.swift; sourceTree = "<group>"; };
		B133EA7E29D44A2E00C44059 /* en */ = {isa = PBXFileReference; lastKnownFileType = text.plist.strings; name = en; path = en.lproj/Localizable.strings; sourceTree = "<group>"; };
		B133EA8029D44A3300C44059 /* ar */ = {isa = PBXFileReference; lastKnownFileType = text.plist.strings; name = ar; path = ar.lproj/Localizable.strings; sourceTree = "<group>"; };
		B133EA8129D44A4A00C44059 /* hi */ = {isa = PBXFileReference; lastKnownFileType = text.plist.strings; name = hi; path = hi.lproj/Localizable.strings; sourceTree = "<group>"; };
		B14D8EFE29D54BAB0003CB48 /* MenuView.swift */ = {isa = PBXFileReference; lastKnownFileType = sourcecode.swift; path = MenuView.swift; sourceTree = "<group>"; };
		B14D8F0029D54EF00003CB48 /* Segmented Picker.swift */ = {isa = PBXFileReference; lastKnownFileType = sourcecode.swift; path = "Segmented Picker.swift"; sourceTree = "<group>"; };
		B14D8F0229D551EB0003CB48 /* LanguageMenu.swift */ = {isa = PBXFileReference; lastKnownFileType = sourcecode.swift; path = LanguageMenu.swift; sourceTree = "<group>"; };
/* End PBXFileReference section */

/* Begin PBXFrameworksBuildPhase section */
		B133EA5D29D40D6200C44059 /* Frameworks */ = {
			isa = PBXFrameworksBuildPhase;
			buildActionMask = 2147483647;
			files = (
			);
			runOnlyForDeploymentPostprocessing = 0;
		};
/* End PBXFrameworksBuildPhase section */

/* Begin PBXGroup section */
		B133EA5729D40D6200C44059 = {
			isa = PBXGroup;
			children = (
				B133EA6229D40D6200C44059 /* LocalizationTask */,
				B133EA6129D40D6200C44059 /* Products */,
			);
			sourceTree = "<group>";
		};
		B133EA6129D40D6200C44059 /* Products */ = {
			isa = PBXGroup;
			children = (
				B133EA6029D40D6200C44059 /* LocalizationTask.app */,
			);
			name = Products;
			sourceTree = "<group>";
		};
		B133EA6229D40D6200C44059 /* LocalizationTask */ = {
			isa = PBXGroup;
			children = (
				B133EA6329D40D6200C44059 /* LocalizationTaskApp.swift */,
				B133EA7929D4498F00C44059 /* LanguageFile.swift */,
				B1B8A18F29E80E5200AEAD87 /* Views */,
				B1B8A18E29E80DFE00AEAD87 /* Helpers */,
				B133EA7F29D44A2E00C44059 /* Localizable.strings */,
				B133EA6729D40D6600C44059 /* Assets.xcassets */,
				B133EA6929D40D6600C44059 /* Preview Content */,
			);
			path = LocalizationTask;
			sourceTree = "<group>";
		};
		B133EA6929D40D6600C44059 /* Preview Content */ = {
			isa = PBXGroup;
			children = (
				B133EA6A29D40D6600C44059 /* Preview Assets.xcassets */,
			);
			path = "Preview Content";
			sourceTree = "<group>";
		};
		B1B8A18E29E80DFE00AEAD87 /* Helpers */ = {
			isa = PBXGroup;
			children = (
				B133EA7329D4272200C44059 /* CheckBox.swift */,
			);
			path = Helpers;
			sourceTree = "<group>";
		};
		B1B8A18F29E80E5200AEAD87 /* Views */ = {
			isa = PBXGroup;
			children = (
				B133EA6529D40D6200C44059 /* ContentView.swift */,
				B1B8A19029E80E7B00AEAD87 /* Components */,
			);
			path = Views;
			sourceTree = "<group>";
		};
		B1B8A19029E80E7B00AEAD87 /* Components */ = {
			isa = PBXGroup;
			children = (
				B14D8F0229D551EB0003CB48 /* LanguageMenu.swift */,
				B14D8F0029D54EF00003CB48 /* Segmented Picker.swift */,
				B133EA7529D42BDF00C44059 /* BoxView.swift */,
				B14D8EFE29D54BAB0003CB48 /* MenuView.swift */,
			);
			path = Components;
			sourceTree = "<group>";
		};
/* End PBXGroup section */

/* Begin PBXNativeTarget section */
		B133EA5F29D40D6200C44059 /* LocalizationTask */ = {
			isa = PBXNativeTarget;
			buildConfigurationList = B133EA6E29D40D6600C44059 /* Build configuration list for PBXNativeTarget "LocalizationTask" */;
			buildPhases = (
				B133EA5C29D40D6200C44059 /* Sources */,
				B133EA5D29D40D6200C44059 /* Frameworks */,
				B133EA5E29D40D6200C44059 /* Resources */,
			);
			buildRules = (
			);
			dependencies = (
			);
			name = LocalizationTask;
			productName = LocalizationTask;
			productReference = B133EA6029D40D6200C44059 /* LocalizationTask.app */;
			productType = "com.apple.product-type.application";
		};
/* End PBXNativeTarget section */

/* Begin PBXProject section */
		B133EA5829D40D6200C44059 /* Project object */ = {
			isa = PBXProject;
			attributes = {
				BuildIndependentTargetsInParallel = 1;
				LastSwiftUpdateCheck = 1420;
				LastUpgradeCheck = 1420;
				TargetAttributes = {
					B133EA5F29D40D6200C44059 = {
						CreatedOnToolsVersion = 14.2;
					};
				};
			};
			buildConfigurationList = B133EA5B29D40D6200C44059 /* Build configuration list for PBXProject "LocalizationTask" */;
			compatibilityVersion = "Xcode 14.0";
			developmentRegion = en;
			hasScannedForEncodings = 0;
			knownRegions = (
				en,
				Base,
				ar,
				hi,
			);
			mainGroup = B133EA5729D40D6200C44059;
			productRefGroup = B133EA6129D40D6200C44059 /* Products */;
			projectDirPath = "";
			projectRoot = "";
			targets = (
				B133EA5F29D40D6200C44059 /* LocalizationTask */,
			);
		};
/* End PBXProject section */

/* Begin PBXResourcesBuildPhase section */
		B133EA5E29D40D6200C44059 /* Resources */ = {
			isa = PBXResourcesBuildPhase;
			buildActionMask = 2147483647;
			files = (
				B133EA6B29D40D6600C44059 /* Preview Assets.xcassets in Resources */,
				B133EA7D29D44A2E00C44059 /* Localizable.strings in Resources */,
				B133EA6829D40D6600C44059 /* Assets.xcassets in Resources */,
			);
			runOnlyForDeploymentPostprocessing = 0;
		};
/* End PBXResourcesBuildPhase section */

/* Begin PBXSourcesBuildPhase section */
		B133EA5C29D40D6200C44059 /* Sources */ = {
			isa = PBXSourcesBuildPhase;
			buildActionMask = 2147483647;
			files = (
				B133EA6629D40D6200C44059 /* ContentView.swift in Sources */,
				B14D8EFF29D54BAB0003CB48 /* MenuView.swift in Sources */,
				B133EA6429D40D6200C44059 /* LocalizationTaskApp.swift in Sources */,
				B133EA7429D4272200C44059 /* CheckBox.swift in Sources */,
				B133EA7629D42BDF00C44059 /* BoxView.swift in Sources */,
				B133EA7A29D4498F00C44059 /* LanguageFile.swift in Sources */,
				B14D8F0329D551EB0003CB48 /* LanguageMenu.swift in Sources */,
				B14D8F0129D54EF00003CB48 /* Segmented Picker.swift in Sources */,
			);
			runOnlyForDeploymentPostprocessing = 0;
		};
/* End PBXSourcesBuildPhase section */

/* Begin PBXVariantGroup section */
		B133EA7F29D44A2E00C44059 /* Localizable.strings */ = {
			isa = PBXVariantGroup;
			children = (
				B133EA7E29D44A2E00C44059 /* en */,
				B133EA8029D44A3300C44059 /* ar */,
				B133EA8129D44A4A00C44059 /* hi */,
			);
			name = Localizable.strings;
			sourceTree = "<group>";
		};
/* End PBXVariantGroup section */

/* Begin XCBuildConfiguration section */
		B133EA6C29D40D6600C44059 /* Debug */ = {
			isa = XCBuildConfiguration;
			buildSettings = {
				ALWAYS_SEARCH_USER_PATHS = NO;
				CLANG_ANALYZER_NONNULL = YES;
				CLANG_ANALYZER_NUMBER_OBJECT_CONVERSION = YES_AGGRESSIVE;
				CLANG_CXX_LANGUAGE_STANDARD = "gnu++20";
				CLANG_ENABLE_MODULES = YES;
				CLANG_ENABLE_OBJC_ARC = YES;
				CLANG_ENABLE_OBJC_WEAK = YES;
				CLANG_WARN_BLOCK_CAPTURE_AUTORELEASING = YES;
				CLANG_WARN_BOOL_CONVERSION = YES;
				CLANG_WARN_COMMA = YES;
				CLANG_WARN_CONSTANT_CONVERSION = YES;
				CLANG_WARN_DEPRECATED_OBJC_IMPLEMENTATIONS = YES;
				CLANG_WARN_DIRECT_OBJC_ISA_USAGE = YES_ERROR;
				CLANG_WARN_DOCUMENTATION_COMMENTS = YES;
				CLANG_WARN_EMPTY_BODY = YES;
				CLANG_WARN_ENUM_CONVERSION = YES;
				CLANG_WARN_INFINITE_RECURSION = YES;
				CLANG_WARN_INT_CONVERSION = YES;
				CLANG_WARN_NON_LITERAL_NULL_CONVERSION = YES;
				CLANG_WARN_OBJC_IMPLICIT_RETAIN_SELF = YES;
				CLANG_WARN_OBJC_LITERAL_CONVERSION = YES;
				CLANG_WARN_OBJC_ROOT_CLASS = YES_ERROR;
				CLANG_WARN_QUOTED_INCLUDE_IN_FRAMEWORK_HEADER = YES;
				CLANG_WARN_RANGE_LOOP_ANALYSIS = YES;
				CLANG_WARN_STRICT_PROTOTYPES = YES;
				CLANG_WARN_SUSPICIOUS_MOVE = YES;
				CLANG_WARN_UNGUARDED_AVAILABILITY = YES_AGGRESSIVE;
				CLANG_WARN_UNREACHABLE_CODE = YES;
				CLANG_WARN__DUPLICATE_METHOD_MATCH = YES;
				COPY_PHASE_STRIP = NO;
				DEBUG_INFORMATION_FORMAT = dwarf;
				ENABLE_STRICT_OBJC_MSGSEND = YES;
				ENABLE_TESTABILITY = YES;
				GCC_C_LANGUAGE_STANDARD = gnu11;
				GCC_DYNAMIC_NO_PIC = NO;
				GCC_NO_COMMON_BLOCKS = YES;
				GCC_OPTIMIZATION_LEVEL = 0;
				GCC_PREPROCESSOR_DEFINITIONS = (
					"DEBUG=1",
					"$(inherited)",
				);
				GCC_WARN_64_TO_32_BIT_CONVERSION = YES;
				GCC_WARN_ABOUT_RETURN_TYPE = YES_ERROR;
				GCC_WARN_UNDECLARED_SELECTOR = YES;
				GCC_WARN_UNINITIALIZED_AUTOS = YES_AGGRESSIVE;
				GCC_WARN_UNUSED_FUNCTION = YES;
				GCC_WARN_UNUSED_VARIABLE = YES;
				IPHONEOS_DEPLOYMENT_TARGET = 16.2;
				MTL_ENABLE_DEBUG_INFO = INCLUDE_SOURCE;
				MTL_FAST_MATH = YES;
				ONLY_ACTIVE_ARCH = YES;
				SDKROOT = iphoneos;
				SWIFT_ACTIVE_COMPILATION_CONDITIONS = DEBUG;
				SWIFT_EMIT_LOC_STRINGS = YES;
				SWIFT_OPTIMIZATION_LEVEL = "-Onone";
			};
			name = Debug;
		};
		B133EA6D29D40D6600C44059 /* Release */ = {
			isa = XCBuildConfiguration;
			buildSettings = {
				ALWAYS_SEARCH_USER_PATHS = NO;
				CLANG_ANALYZER_NONNULL = YES;
				CLANG_ANALYZER_NUMBER_OBJECT_CONVERSION = YES_AGGRESSIVE;
				CLANG_CXX_LANGUAGE_STANDARD = "gnu++20";
				CLANG_ENABLE_MODULES = YES;
				CLANG_ENABLE_OBJC_ARC = YES;
				CLANG_ENABLE_OBJC_WEAK = YES;
				CLANG_WARN_BLOCK_CAPTURE_AUTORELEASING = YES;
				CLANG_WARN_BOOL_CONVERSION = YES;
				CLANG_WARN_COMMA = YES;
				CLANG_WARN_CONSTANT_CONVERSION = YES;
				CLANG_WARN_DEPRECATED_OBJC_IMPLEMENTATIONS = YES;
				CLANG_WARN_DIRECT_OBJC_ISA_USAGE = YES_ERROR;
				CLANG_WARN_DOCUMENTATION_COMMENTS = YES;
				CLANG_WARN_EMPTY_BODY = YES;
				CLANG_WARN_ENUM_CONVERSION = YES;
				CLANG_WARN_INFINITE_RECURSION = YES;
				CLANG_WARN_INT_CONVERSION = YES;
				CLANG_WARN_NON_LITERAL_NULL_CONVERSION = YES;
				CLANG_WARN_OBJC_IMPLICIT_RETAIN_SELF = YES;
				CLANG_WARN_OBJC_LITERAL_CONVERSION = YES;
				CLANG_WARN_OBJC_ROOT_CLASS = YES_ERROR;
				CLANG_WARN_QUOTED_INCLUDE_IN_FRAMEWORK_HEADER = YES;
				CLANG_WARN_RANGE_LOOP_ANALYSIS = YES;
				CLANG_WARN_STRICT_PROTOTYPES = YES;
				CLANG_WARN_SUSPICIOUS_MOVE = YES;
				CLANG_WARN_UNGUARDED_AVAILABILITY = YES_AGGRESSIVE;
				CLANG_WARN_UNREACHABLE_CODE = YES;
				CLANG_WARN__DUPLICATE_METHOD_MATCH = YES;
				COPY_PHASE_STRIP = NO;
				DEBUG_INFORMATION_FORMAT = "dwarf-with-dsym";
				ENABLE_NS_ASSERTIONS = NO;
				ENABLE_STRICT_OBJC_MSGSEND = YES;
				GCC_C_LANGUAGE_STANDARD = gnu11;
				GCC_NO_COMMON_BLOCKS = YES;
				GCC_WARN_64_TO_32_BIT_CONVERSION = YES;
				GCC_WARN_ABOUT_RETURN_TYPE = YES_ERROR;
				GCC_WARN_UNDECLARED_SELECTOR = YES;
				GCC_WARN_UNINITIALIZED_AUTOS = YES_AGGRESSIVE;
				GCC_WARN_UNUSED_FUNCTION = YES;
				GCC_WARN_UNUSED_VARIABLE = YES;
				IPHONEOS_DEPLOYMENT_TARGET = 16.2;
				MTL_ENABLE_DEBUG_INFO = NO;
				MTL_FAST_MATH = YES;
				SDKROOT = iphoneos;
				SWIFT_COMPILATION_MODE = wholemodule;
				SWIFT_EMIT_LOC_STRINGS = YES;
				SWIFT_OPTIMIZATION_LEVEL = "-O";
				VALIDATE_PRODUCT = YES;
			};
			name = Release;
		};
		B133EA6F29D40D6600C44059 /* Debug */ = {
			isa = XCBuildConfiguration;
			buildSettings = {
				ASSETCATALOG_COMPILER_APPICON_NAME = AppIcon;
				ASSETCATALOG_COMPILER_GLOBAL_ACCENT_COLOR_NAME = AccentColor;
				CODE_SIGN_STYLE = Automatic;
				CURRENT_PROJECT_VERSION = 1;
				DEVELOPMENT_ASSET_PATHS = "\"LocalizationTask/Preview Content\"";
				ENABLE_PREVIEWS = YES;
				GENERATE_INFOPLIST_FILE = YES;
				INFOPLIST_KEY_UIApplicationSceneManifest_Generation = YES;
				INFOPLIST_KEY_UIApplicationSupportsIndirectInputEvents = YES;
				INFOPLIST_KEY_UILaunchScreen_Generation = YES;
				INFOPLIST_KEY_UISupportedInterfaceOrientations_iPad = "UIInterfaceOrientationPortrait UIInterfaceOrientationPortraitUpsideDown UIInterfaceOrientationLandscapeLeft UIInterfaceOrientationLandscapeRight";
				INFOPLIST_KEY_UISupportedInterfaceOrientations_iPhone = "UIInterfaceOrientationPortrait UIInterfaceOrientationLandscapeLeft UIInterfaceOrientationLandscapeRight";
				LD_RUNPATH_SEARCH_PATHS = (
					"$(inherited)",
					"@executable_path/Frameworks",
				);
				MARKETING_VERSION = 1.0;
				PRODUCT_BUNDLE_IDENTIFIER = com.chicmic.LocalizationTask;
				PRODUCT_NAME = "$(TARGET_NAME)";
				SWIFT_EMIT_LOC_STRINGS = YES;
				SWIFT_VERSION = 5.0;
				TARGETED_DEVICE_FAMILY = "1,2";
			};
			name = Debug;
		};
		B133EA7029D40D6600C44059 /* Release */ = {
			isa = XCBuildConfiguration;
			buildSettings = {
				ASSETCATALOG_COMPILER_APPICON_NAME = AppIcon;
				ASSETCATALOG_COMPILER_GLOBAL_ACCENT_COLOR_NAME = AccentColor;
				CODE_SIGN_STYLE = Automatic;
				CURRENT_PROJECT_VERSION = 1;
				DEVELOPMENT_ASSET_PATHS = "\"LocalizationTask/Preview Content\"";
				ENABLE_PREVIEWS = YES;
				GENERATE_INFOPLIST_FILE = YES;
				INFOPLIST_KEY_UIApplicationSceneManifest_Generation = YES;
				INFOPLIST_KEY_UIApplicationSupportsIndirectInputEvents = YES;
				INFOPLIST_KEY_UILaunchScreen_Generation = YES;
				INFOPLIST_KEY_UISupportedInterfaceOrientations_iPad = "UIInterfaceOrientationPortrait UIInterfaceOrientationPortraitUpsideDown UIInterfaceOrientationLandscapeLeft UIInterfaceOrientationLandscapeRight";
				INFOPLIST_KEY_UISupportedInterfaceOrientations_iPhone = "UIInterfaceOrientationPortrait UIInterfaceOrientationLandscapeLeft UIInterfaceOrientationLandscapeRight";
				LD_RUNPATH_SEARCH_PATHS = (
					"$(inherited)",
					"@executable_path/Frameworks",
				);
				MARKETING_VERSION = 1.0;
				PRODUCT_BUNDLE_IDENTIFIER = com.chicmic.LocalizationTask;
				PRODUCT_NAME = "$(TARGET_NAME)";
				SWIFT_EMIT_LOC_STRINGS = YES;
				SWIFT_VERSION = 5.0;
				TARGETED_DEVICE_FAMILY = "1,2";
			};
			name = Release;
		};
/* End XCBuildConfiguration section */

/* Begin XCConfigurationList section */
		B133EA5B29D40D6200C44059 /* Build configuration list for PBXProject "LocalizationTask" */ = {
			isa = XCConfigurationList;
			buildConfigurations = (
				B133EA6C29D40D6600C44059 /* Debug */,
				B133EA6D29D40D6600C44059 /* Release */,
			);
			defaultConfigurationIsVisible = 0;
			defaultConfigurationName = Release;
		};
		B133EA6E29D40D6600C44059 /* Build configuration list for PBXNativeTarget "LocalizationTask" */ = {
			isa = XCConfigurationList;
			buildConfigurations = (
				B133EA6F29D40D6600C44059 /* Debug */,
				B133EA7029D40D6600C44059 /* Release */,
			);
			defaultConfigurationIsVisible = 0;
			defaultConfigurationName = Release;
		};
/* End XCConfigurationList section */
	};
	rootObject = B133EA5829D40D6200C44059 /* Project object */;
}
